<?xml version="1.0" encoding="utf-8"?>
<Project ToolsVersion="4.0" xmlns="http://schemas.microsoft.com/developer/msbuild/2003">
  <ItemGroup>
    <Filter Include="Source Files">
      <UniqueIdentifier>{4FC737F1-C7A5-4376-A066-2A32D752A2FF}</UniqueIdentifier>
      <Extensions>cpp;c;cc;cxx;def;odl;idl;hpj;bat;asm;asmx</Extensions>
    </Filter>
    <Filter Include="Header Files">
      <UniqueIdentifier>{93995380-89BD-4b04-88EB-625FBE52EBFB}</UniqueIdentifier>
      <Extensions>h;hh;hpp;hxx;hm;inl;inc;xsd</Extensions>
    </Filter>
    <Filter Include="Resource Files">
      <UniqueIdentifier>{67DA6AB6-F800-4c08-8B7A-83BB121AAD01}</UniqueIdentifier>
      <Extensions>rc;ico;cur;bmp;dlg;rc2;rct;bin;rgs;gif;jpg;jpeg;jpe;resx;tiff;tif;png;wav;mfcribbon-ms</Extensions>
    </Filter>
    <Filter Include="data">
      <UniqueIdentifier>{2ca5d080-e8c8-4dd6-8ba0-070fdbd107e6}</UniqueIdentifier>
    </Filter>
    <Filter Include="shaders">
      <UniqueIdentifier>{dd514647-c6ce-466b-8cf3-4fb045b5f739}</UniqueIdentifier>
    </Filter>
    <Filter Include="Header Files\Render">
      <UniqueIdentifier>{182433b5-789d-4758-b9e8-d123d327f1e9}</UniqueIdentifier>
    </Filter>
    <Filter Include="Resource Files\Render">
      <UniqueIdentifier>{2c0db0d6-5195-419a-a670-ce9c3b1f5f32}</UniqueIdentifier>
    </Filter>
    <Filter Include="Header Files\Render\Shape">
      <UniqueIdentifier>{385eb052-928a-4aae-b0c2-af56ad2a4128}</UniqueIdentifier>
    </Filter>
    <Filter Include="Resource Files\Render\Shape">
      <UniqueIdentifier>{1de78c87-196a-4d6e-b0ab-11d771997228}</UniqueIdentifier>
    </Filter>
    <Filter Include="Resource Files\unused">
      <UniqueIdentifier>{4528d85b-0f8f-4ec2-9e7c-e139cc9df41a}</UniqueIdentifier>
    </Filter>
    <Filter Include="Header Files\unused">
      <UniqueIdentifier>{e7ac8d1f-f211-46e8-9640-efa2125c0de1}</UniqueIdentifier>
    </Filter>
    <Filter Include="Header Files\shader">
      <UniqueIdentifier>{a1bc4ad5-d048-4f44-be1f-e848fe7175e0}</UniqueIdentifier>
    </Filter>
    <Filter Include="Resource Files\shader">
      <UniqueIdentifier>{b5ca2112-919e-4188-9ad3-3f51efc349fb}</UniqueIdentifier>
    </Filter>
  </ItemGroup>
  <ItemGroup>
    <ClCompile Include="main.cpp">
      <Filter>Source Files</Filter>
    </ClCompile>
    <ClCompile Include="cameraclass.cpp">
      <Filter>Resource Files</Filter>
    </ClCompile>
    <ClCompile Include="D3dclass.cpp">
      <Filter>Resource Files</Filter>
    </ClCompile>
    <ClCompile Include="fontclass.cpp">
      <Filter>Resource Files</Filter>
    </ClCompile>
    <ClCompile Include="inputclass.cpp">
      <Filter>Resource Files</Filter>
    </ClCompile>
    <ClCompile Include="Systemclass.cpp">
      <Filter>Resource Files</Filter>
    </ClCompile>
    <ClCompile Include="timerclass.cpp">
      <Filter>Resource Files</Filter>
    </ClCompile>
    <ClCompile Include="positionclass.cpp">
      <Filter>Resource Files</Filter>
    </ClCompile>
    <ClCompile Include="cpuclass.cpp">
      <Filter>Resource Files</Filter>
    </ClCompile>
    <ClCompile Include="fpsclass.cpp">
      <Filter>Resource Files</Filter>
    </ClCompile>
    <ClCompile Include="applicationclass.cpp">
      <Filter>Resource Files</Filter>
    </ClCompile>
    <ClCompile Include="terrainclass.cpp">
      <Filter>Resource Files\Render</Filter>
    </ClCompile>
    <ClCompile Include="modelclass.cpp">
      <Filter>Resource Files\Render</Filter>
    </ClCompile>
    <ClCompile Include="textclass.cpp">
      <Filter>Resource Files\Render</Filter>
    </ClCompile>
    <ClCompile Include="VectorLineClass.cpp">
      <Filter>Resource Files\Render</Filter>
    </ClCompile>
    <ClCompile Include="RectangleClass.cpp">
      <Filter>Resource Files\Render\Shape</Filter>
    </ClCompile>
    <ClCompile Include="TriangleClass.cpp">
      <Filter>Resource Files\Render\Shape</Filter>
    </ClCompile>
    <ClCompile Include="ShapeClass.cpp">
      <Filter>Resource Files\Render\Shape</Filter>
    </ClCompile>
    <ClCompile Include="RenderTextureClass.cpp">
      <Filter>Resource Files</Filter>
    </ClCompile>
    <ClCompile Include="bumpmapshaderclass.cpp">
      <Filter>Resource Files\unused</Filter>
    </ClCompile>
    <ClCompile Include="bitmapclass.cpp">
      <Filter>Resource Files\unused</Filter>
    </ClCompile>
    <ClCompile Include="frustumclass.cpp">
      <Filter>Resource Files\unused</Filter>
    </ClCompile>
    <ClCompile Include="multitextureshaderclass.cpp">
      <Filter>Resource Files\unused</Filter>
    </ClCompile>
    <ClCompile Include="modellistclass.cpp">
      <Filter>Resource Files\unused</Filter>
    </ClCompile>
    <ClCompile Include="texturearrayclass.cpp">
      <Filter>Resource Files\unused</Filter>
    </ClCompile>
    <ClCompile Include="textureclass.cpp">
      <Filter>Resource Files\unused</Filter>
    </ClCompile>
    <ClCompile Include="textureshaderclass.cpp">
      <Filter>Resource Files\unused</Filter>
    </ClCompile>
    <ClCompile Include="DebugWindowClass.cpp">
      <Filter>Resource Files</Filter>
    </ClCompile>
    <ClCompile Include="RenderBitmapClass.cpp">
      <Filter>Resource Files</Filter>
    </ClCompile>
    <ClCompile Include="button.cpp">
      <Filter>Resource Files\Render</Filter>
    </ClCompile>
    <ClCompile Include="fontshaderclass.cpp">
      <Filter>Resource Files\shader</Filter>
    </ClCompile>
    <ClCompile Include="colorshaderclass.cpp">
      <Filter>Resource Files\shader</Filter>
    </ClCompile>
    <ClCompile Include="monocolorshader.cpp">
      <Filter>Resource Files\shader</Filter>
    </ClCompile>
    <ClCompile Include="axisrosette.cpp">
      <Filter>Resource Files\Render</Filter>
    </ClCompile>
    <ClCompile Include="axle.cpp">
      <Filter>Resource Files\Render</Filter>
    </ClCompile>
    <ClCompile Include="Plain.cpp">
      <Filter>Resource Files\Render</Filter>
    </ClCompile>
  </ItemGroup>
  <ItemGroup>
    <ClInclude Include="cameraclass.h">
      <Filter>Header Files</Filter>
    </ClInclude>
    <ClInclude Include="D3dclass.h">
      <Filter>Header Files</Filter>
    </ClInclude>
    <ClInclude Include="fontclass.h">
      <Filter>Header Files</Filter>
    </ClInclude>
    <ClInclude Include="inputclass.h">
      <Filter>Header Files</Filter>
    </ClInclude>
    <ClInclude Include="Systemclass.h">
      <Filter>Header Files</Filter>
    </ClInclude>
    <ClInclude Include="timerclass.h">
      <Filter>Header Files</Filter>
    </ClInclude>
    <ClInclude Include="positionclass.h">
      <Filter>Header Files</Filter>
    </ClInclude>
    <ClInclude Include="cpuclass.h">
      <Filter>Header Files</Filter>
    </ClInclude>
    <ClInclude Include="fpsclass.h">
      <Filter>Header Files</Filter>
    </ClInclude>
    <ClInclude Include="applicationclass.h">
      <Filter>Header Files</Filter>
    </ClInclude>
    <ClInclude Include="VectorLineClass.h">
      <Filter>Header Files\Render</Filter>
    </ClInclude>
    <ClInclude Include="modelclass.h">
      <Filter>Header Files\Render</Filter>
    </ClInclude>
    <ClInclude Include="terrainclass.h">
      <Filter>Header Files\Render</Filter>
    </ClInclude>
    <ClInclude Include="textclass.h">
      <Filter>Header Files\Render</Filter>
    </ClInclude>
    <ClInclude Include="RectangleClass.h">
      <Filter>Header Files\Render\Shape</Filter>
    </ClInclude>
    <ClInclude Include="TriangleClass.h">
      <Filter>Header Files\Render\Shape</Filter>
    </ClInclude>
    <ClInclude Include="ShapeClass.h">
      <Filter>Header Files\Render\Shape</Filter>
    </ClInclude>
    <ClInclude Include="RenderTextureClass.h">
      <Filter>Header Files</Filter>
    </ClInclude>
    <ClInclude Include="bitmapclass.h">
      <Filter>Header Files\unused</Filter>
    </ClInclude>
    <ClInclude Include="bumpmapshaderclass.h">
      <Filter>Header Files\unused</Filter>
    </ClInclude>
    <ClInclude Include="frustumclass.h">
      <Filter>Header Files\unused</Filter>
    </ClInclude>
    <ClInclude Include="modellistclass.h">
      <Filter>Header Files\unused</Filter>
    </ClInclude>
    <ClInclude Include="multitextureshaderclass.h">
      <Filter>Header Files\unused</Filter>
    </ClInclude>
    <ClInclude Include="texturearrayclass.h">
      <Filter>Header Files\unused</Filter>
    </ClInclude>
    <ClInclude Include="textureclass.h">
      <Filter>Header Files\unused</Filter>
    </ClInclude>
    <ClInclude Include="textureshaderclass.h">
      <Filter>Header Files\unused</Filter>
    </ClInclude>
    <ClInclude Include="DebugWindowClass.h">
      <Filter>Header Files</Filter>
    </ClInclude>
    <ClInclude Include="RenderBitmapClass.h">
      <Filter>Header Files</Filter>
    </ClInclude>
    <ClInclude Include="button.h">
      <Filter>Header Files\Render</Filter>
    </ClInclude>
    <ClInclude Include="fontshaderclass.h">
      <Filter>Header Files\shader</Filter>
    </ClInclude>
    <ClInclude Include="colorshaderclass.h">
      <Filter>Header Files\shader</Filter>
    </ClInclude>
    <ClInclude Include="monocolorshader.h">
      <Filter>Header Files\shader</Filter>
    </ClInclude>
    <ClInclude Include="axisrosette.h">
      <Filter>Header Files\Render</Filter>
    </ClInclude>
    <ClInclude Include="axle.h">
      <Filter>Header Files\Render</Filter>
    </ClInclude>
    <ClInclude Include="Plain.h">
      <Filter>Header Files\Render</Filter>
    </ClInclude>
  </ItemGroup>
  <ItemGroup>
    <Text Include="data\cube.txt">
      <Filter>data</Filter>
    </Text>
    <Text Include="setup.txt">
      <Filter>data</Filter>
    </Text>
    <Text Include="data\fontdata.txt">
      <Filter>data</Filter>
    </Text>
  </ItemGroup>
  <ItemGroup>
    <Image Include="data\pic0010.gif">
      <Filter>data</Filter>
    </Image>
    <Image Include="data\pic0035.gif">
      <Filter>data</Filter>
    </Image>
    <Image Include="data\font.png">
      <Filter>data</Filter>
    </Image>
  </ItemGroup>
  <ItemGroup>
    <None Include="data\bumpmap.ps">
      <Filter>shaders</Filter>
    </None>
    <None Include="data\bumpmap.vs">
      <Filter>shaders</Filter>
    </None>
    <None Include="data\color.ps">
      <Filter>shaders</Filter>
    </None>
    <None Include="data\color.vs">
      <Filter>shaders</Filter>
    </None>
    <None Include="data\font.ps">
      <Filter>shaders</Filter>
    </None>
    <None Include="data\font.vs">
      <Filter>shaders</Filter>
    </None>
    <None Include="data\light.ps">
      <Filter>shaders</Filter>
    </None>
    <None Include="data\light.vs">
      <Filter>shaders</Filter>
    </None>
    <None Include="data\multitexture.ps">
      <Filter>shaders</Filter>
    </None>
    <None Include="data\multitexture.vs">
      <Filter>shaders</Filter>
    </None>
    <None Include="data\texture.ps">
      <Filter>shaders</Filter>
    </None>
    <None Include="data\texture.vs">
      <Filter>shaders</Filter>
    </None>
    <None Include="data\5_percent_0_0_0_przelaczany_Z_ext_zwarty_0st_001-T-6ErrorX10R.dat">
      <Filter>data</Filter>
    </None>
    <None Include="data\5_percent_0_0_0_XY_256_Z_ext_zwarty_0st_000-T-6ErrorX10R.dat">
      <Filter>data</Filter>
    </None>
    <None Include="data\100percent_000-T-0PID_SHR.dat">
      <Filter>data</Filter>
    </None>
    <None Include="data\100percent_002-T-0PID_SHR.dat">
      <Filter>data</Filter>
    </None>
    <None Include="data\100percent_grafen_6H-sic_HV_Z_256_000_Topo.dat">
      <Filter>data</Filter>
    </None>
    <None Include="data\monocolor.ps">
      <Filter>shaders</Filter>
    </None>
    <None Include="data\monocolor.vs">
      <Filter>shaders</Filter>
    </None>
  </ItemGroup>
</Project>